
Microsoft Visual Studio Solution File, Format Version 12.00
# 
Project("{FAE04EC0-301F-11D3-BF4B-00C04F79EFBC}") = "AmongUsModLoaderInstaller", "AmongUsModLoaderInstaller\AmongUsModLoaderInstaller.csproj", "{41D3C07E-55DF-4E4D-9EA7-05AF87C01717}"
EndProject
Project("{2150E333-8FDC-42A3-9474-1A3956D46DE8}") = "Il2CppAssemblyUnhollower", "Il2CppAssemblyUnhollower", "{938D166B-A9C4-4881-A7A0-9F0232DA5BEB}"
EndProject
Project("{FAE04EC0-301F-11D3-BF4B-00C04F79EFBC}") = "AssemblyUnhollower", "Il2CppAssemblyUnhollower\AssemblyUnhollower\AssemblyUnhollower.csproj", "{CA58775D-07F8-4D15-A2E0-829602E6DEC1}"
EndProject
Project("{2150E333-8FDC-42A3-9474-1A3956D46DE8}") = "Il2CppDumper", "Il2CppDumper", "{8ADBF26A-43CA-47B4-B27A-D4F9341725F9}"
EndProject
Project("{FAE04EC0-301F-11D3-BF4B-00C04F79EFBC}") = "Il2CppDumper", "Il2CppDumper\Il2CppDumper\Il2CppDumper.csproj", "{6682F1FA-EECF-4B6C-8678-37190722F99D}"
EndProject
Project("{FAE04EC0-301F-11D3-BF4B-00C04F79EFBC}") = "UnhollowerBaseLib", "Il2CppAssemblyUnhollower\UnhollowerBaseLib\UnhollowerBaseLib.csproj", "{47F48335-B181-435D-B988-ABBC827375CD}"
EndProject
Project("{FAE04EC0-301F-11D3-BF4B-00C04F79EFBC}") = "UnhollowerRuntimeLib", "Il2CppAssemblyUnhollower\UnhollowerRuntimeLib\UnhollowerRuntimeLib.csproj", "{78C30B18-988A-427F-A3C0-CFD99E767C20}"
EndProject
Global
	GlobalSection(SolutionConfigurationPlatforms) = preSolution
		Debug|Any CPU = Debug|Any CPU
		Release|Any CPU = Release|Any CPU
	EndGlobalSection
	GlobalSection(ProjectConfigurationPlatforms) = postSolution
		{41D3C07E-55DF-4E4D-9EA7-05AF87C01717}.Debug|Any CPU.ActiveCfg = Debug|Any CPU
		{41D3C07E-55DF-4E4D-9EA7-05AF87C01717}.Debug|Any CPU.Build.0 = Debug|Any CPU
		{41D3C07E-55DF-4E4D-9EA7-05AF87C01717}.Release|Any CPU.ActiveCfg = Release|Any CPU
		{41D3C07E-55DF-4E4D-9EA7-05AF87C01717}.Release|Any CPU.Build.0 = Release|Any CPU
		{CA58775D-07F8-4D15-A2E0-829602E6DEC1}.Debug|Any CPU.ActiveCfg = Debug|Any CPU
		{CA58775D-07F8-4D15-A2E0-829602E6DEC1}.Debug|Any CPU.Build.0 = Debug|Any CPU
		{CA58775D-07F8-4D15-A2E0-829602E6DEC1}.Release|Any CPU.ActiveCfg = Release|Any CPU
		{CA58775D-07F8-4D15-A2E0-829602E6DEC1}.Release|Any CPU.Build.0 = Release|Any CPU
		{6682F1FA-EECF-4B6C-8678-37190722F99D}.Debug|Any CPU.ActiveCfg = Debug|Any CPU
		{6682F1FA-EECF-4B6C-8678-37190722F99D}.Debug|Any CPU.Build.0 = Debug|Any CPU
		{6682F1FA-EECF-4B6C-8678-37190722F99D}.Release|Any CPU.ActiveCfg = Release|Any CPU
		{6682F1FA-EECF-4B6C-8678-37190722F99D}.Release|Any CPU.Build.0 = Release|Any CPU
		{47F48335-B181-435D-B988-ABBC827375CD}.Debug|Any CPU.ActiveCfg = Debug|Any CPU
		{47F48335-B181-435D-B988-ABBC827375CD}.Debug|Any CPU.Build.0 = Debug|Any CPU
		{47F48335-B181-435D-B988-ABBC827375CD}.Release|Any CPU.ActiveCfg = Release|Any CPU
		{47F48335-B181-435D-B988-ABBC827375CD}.Release|Any CPU.Build.0 = Release|Any CPU
		{78C30B18-988A-427F-A3C0-CFD99E767C20}.Debug|Any CPU.ActiveCfg = Debug|Any CPU
		{78C30B18-988A-427F-A3C0-CFD99E767C20}.Debug|Any CPU.Build.0 = Debug|Any CPU
		{78C30B18-988A-427F-A3C0-CFD99E767C20}.Release|Any CPU.ActiveCfg = Release|Any CPU
		{78C30B18-988A-427F-A3C0-CFD99E767C20}.Release|Any CPU.Build.0 = Release|Any CPU
	EndGlobalSection
	GlobalSection(NestedProjects) = preSolution
		{CA58775D-07F8-4D15-A2E0-829602E6DEC1} = {938D166B-A9C4-4881-A7A0-9F0232DA5BEB}
		{6682F1FA-EECF-4B6C-8678-37190722F99D} = {8ADBF26A-43CA-47B4-B27A-D4F9341725F9}
		{47F48335-B181-435D-B988-ABBC827375CD} = {938D166B-A9C4-4881-A7A0-9F0232DA5BEB}
		{78C30B18-988A-427F-A3C0-CFD99E767C20} = {938D166B-A9C4-4881-A7A0-9F0232DA5BEB}
	EndGlobalSection
EndGlobal
