
Microsoft Visual Studio Solution File, Format Version 12.00
# 
Project("{FAE04EC0-301F-11D3-BF4B-00C04F79EFBC}") = "AmongUsModLoaderInstaller", "AmongUsModLoaderInstaller\AmongUsModLoaderInstaller.csproj", "{41D3C07E-55DF-4E4D-9EA7-05AF87C01717}"
EndProject
Project("{2150E333-8FDC-42A3-9474-1A3956D46DE8}") = "Il2CppDumper", "Il2CppDumper", "{6FC42578-3214-4CCF-9405-D288C63A77D6}"
EndProject
Project("{FAE04EC0-301F-11D3-BF4B-00C04F79EFBC}") = "Il2CppDumper", "Il2CppDumper\Il2CppDumper\Il2CppDumper.csproj", "{D314FF5C-DA50-4594-BB95-46C99DEF42DF}"
EndProject
Project("{2150E333-8FDC-42A3-9474-1A3956D46DE8}") = "Il2CppAssemblyUnhollower", "Il2CppAssemblyUnhollower", "{39E65C7F-97A1-41EA-BF52-9E63CD264495}"
EndProject
Project("{FAE04EC0-301F-11D3-BF4B-00C04F79EFBC}") = "AssemblyUnhollower", "Il2CppAssemblyUnhollower\AssemblyUnhollower\AssemblyUnhollower.csproj", "{6CF65CA9-8AA0-4C78-8D04-E8192A232819}"
EndProject
Global
	GlobalSection(SolutionConfigurationPlatforms) = preSolution
		Debug|Any CPU = Debug|Any CPU
		Release|Any CPU = Release|Any CPU
	EndGlobalSection
	GlobalSection(ProjectConfigurationPlatforms) = postSolution
		{41D3C07E-55DF-4E4D-9EA7-05AF87C01717}.Debug|Any CPU.ActiveCfg = Debug|Any CPU
		{41D3C07E-55DF-4E4D-9EA7-05AF87C01717}.Debug|Any CPU.Build.0 = Debug|Any CPU
		{41D3C07E-55DF-4E4D-9EA7-05AF87C01717}.Release|Any CPU.ActiveCfg = Release|Any CPU
		{41D3C07E-55DF-4E4D-9EA7-05AF87C01717}.Release|Any CPU.Build.0 = Release|Any CPU
		{D314FF5C-DA50-4594-BB95-46C99DEF42DF}.Debug|Any CPU.ActiveCfg = Debug|Any CPU
		{D314FF5C-DA50-4594-BB95-46C99DEF42DF}.Debug|Any CPU.Build.0 = Debug|Any CPU
		{D314FF5C-DA50-4594-BB95-46C99DEF42DF}.Release|Any CPU.ActiveCfg = Release|Any CPU
		{D314FF5C-DA50-4594-BB95-46C99DEF42DF}.Release|Any CPU.Build.0 = Release|Any CPU
		{6CF65CA9-8AA0-4C78-8D04-E8192A232819}.Debug|Any CPU.ActiveCfg = Debug|Any CPU
		{6CF65CA9-8AA0-4C78-8D04-E8192A232819}.Debug|Any CPU.Build.0 = Debug|Any CPU
		{6CF65CA9-8AA0-4C78-8D04-E8192A232819}.Release|Any CPU.ActiveCfg = Release|Any CPU
		{6CF65CA9-8AA0-4C78-8D04-E8192A232819}.Release|Any CPU.Build.0 = Release|Any CPU
	EndGlobalSection
	GlobalSection(NestedProjects) = preSolution
		{D314FF5C-DA50-4594-BB95-46C99DEF42DF} = {6FC42578-3214-4CCF-9405-D288C63A77D6}
		{6CF65CA9-8AA0-4C78-8D04-E8192A232819} = {39E65C7F-97A1-41EA-BF52-9E63CD264495}
	EndGlobalSection
EndGlobal
